// !$*UTF8*$!
{
	archiveVersion = 1;
	classes = {
	};
	objectVersion = 50;
	objects = {

/* Begin PBXBuildFile section */
		C07E85D425CCAC6C00474475 /* AppDelegate.swift in Sources */ = {isa = PBXBuildFile; fileRef = C07E85D325CCAC6C00474475 /* AppDelegate.swift */; };
		C07E85D625CCAC6C00474475 /* SceneDelegate.swift in Sources */ = {isa = PBXBuildFile; fileRef = C07E85D525CCAC6C00474475 /* SceneDelegate.swift */; };
		C07E85DB25CCAC6C00474475 /* Main.storyboard in Resources */ = {isa = PBXBuildFile; fileRef = C07E85D925CCAC6C00474475 /* Main.storyboard */; };
		C07E85DD25CCAC6E00474475 /* Assets.xcassets in Resources */ = {isa = PBXBuildFile; fileRef = C07E85DC25CCAC6E00474475 /* Assets.xcassets */; };
		C07E85E025CCAC6E00474475 /* LaunchScreen.storyboard in Resources */ = {isa = PBXBuildFile; fileRef = C07E85DE25CCAC6E00474475 /* LaunchScreen.storyboard */; };
		C07E85EB25CCAC6E00474475 /* GITCommitsTests.swift in Sources */ = {isa = PBXBuildFile; fileRef = C07E85EA25CCAC6E00474475 /* GITCommitsTests.swift */; };
		C07E85F625CCAC6E00474475 /* GITCommitsUITests.swift in Sources */ = {isa = PBXBuildFile; fileRef = C07E85F525CCAC6E00474475 /* GITCommitsUITests.swift */; };
		C07E860D25CCAD1400474475 /* README.md in Resources */ = {isa = PBXBuildFile; fileRef = C07E860C25CCAD1400474475 /* README.md */; };
		C07E861725CCB46A00474475 /* GitCommit.swift in Sources */ = {isa = PBXBuildFile; fileRef = C07E861625CCB46A00474475 /* GitCommit.swift */; };
		C0C8190525CE32B500CAC347 /* GCExtensions.swift in Sources */ = {isa = PBXBuildFile; fileRef = C0C8190425CE32B500CAC347 /* GCExtensions.swift */; };
		C0C8191025CE330E00CAC347 /* GCUtilities.swift in Sources */ = {isa = PBXBuildFile; fileRef = C0C8190F25CE330E00CAC347 /* GCUtilities.swift */; };
		C0F34BF125CD18A400253C8F /* GitCommitsViewController.swift in Sources */ = {isa = PBXBuildFile; fileRef = C0F34BF025CD18A400253C8F /* GitCommitsViewController.swift */; };
		C0F34BF625CD190D00253C8F /* GitHubAPIManager.swift in Sources */ = {isa = PBXBuildFile; fileRef = C0F34BF525CD190D00253C8F /* GitHubAPIManager.swift */; };
		C0F34C0225CD1B2400253C8F /* GitCommitsTableViewCell.swift in Sources */ = {isa = PBXBuildFile; fileRef = C0F34C0125CD1B2400253C8F /* GitCommitsTableViewCell.swift */; };
		C0F34C0A25CD1C5400253C8F /* GitCommitsViewModel.swift in Sources */ = {isa = PBXBuildFile; fileRef = C0F34C0925CD1C5400253C8F /* GitCommitsViewModel.swift */; };
/* End PBXBuildFile section */

/* Begin PBXContainerItemProxy section */
		C07E85E725CCAC6E00474475 /* PBXContainerItemProxy */ = {
			isa = PBXContainerItemProxy;
			containerPortal = C07E85C825CCAC6C00474475 /* Project object */;
			proxyType = 1;
			remoteGlobalIDString = C07E85CF25CCAC6C00474475;
			remoteInfo = GITCommits;
		};
		C07E85F225CCAC6E00474475 /* PBXContainerItemProxy */ = {
			isa = PBXContainerItemProxy;
			containerPortal = C07E85C825CCAC6C00474475 /* Project object */;
			proxyType = 1;
			remoteGlobalIDString = C07E85CF25CCAC6C00474475;
			remoteInfo = GITCommits;
		};
/* End PBXContainerItemProxy section */

/* Begin PBXFileReference section */
		C07E85D025CCAC6C00474475 /* GITCommits.app */ = {isa = PBXFileReference; explicitFileType = wrapper.application; includeInIndex = 0; path = GITCommits.app; sourceTree = BUILT_PRODUCTS_DIR; };
		C07E85D325CCAC6C00474475 /* AppDelegate.swift */ = {isa = PBXFileReference; lastKnownFileType = sourcecode.swift; path = AppDelegate.swift; sourceTree = "<group>"; };
		C07E85D525CCAC6C00474475 /* SceneDelegate.swift */ = {isa = PBXFileReference; lastKnownFileType = sourcecode.swift; path = SceneDelegate.swift; sourceTree = "<group>"; };
		C07E85DA25CCAC6C00474475 /* Base */ = {isa = PBXFileReference; lastKnownFileType = file.storyboard; name = Base; path = Base.lproj/Main.storyboard; sourceTree = "<group>"; };
		C07E85DC25CCAC6E00474475 /* Assets.xcassets */ = {isa = PBXFileReference; lastKnownFileType = folder.assetcatalog; path = Assets.xcassets; sourceTree = "<group>"; };
		C07E85DF25CCAC6E00474475 /* Base */ = {isa = PBXFileReference; lastKnownFileType = file.storyboard; name = Base; path = Base.lproj/LaunchScreen.storyboard; sourceTree = "<group>"; };
		C07E85E125CCAC6E00474475 /* Info.plist */ = {isa = PBXFileReference; lastKnownFileType = text.plist.xml; path = Info.plist; sourceTree = "<group>"; };
		C07E85E625CCAC6E00474475 /* GITCommitsTests.xctest */ = {isa = PBXFileReference; explicitFileType = wrapper.cfbundle; includeInIndex = 0; path = GITCommitsTests.xctest; sourceTree = BUILT_PRODUCTS_DIR; };
		C07E85EA25CCAC6E00474475 /* GITCommitsTests.swift */ = {isa = PBXFileReference; lastKnownFileType = sourcecode.swift; path = GITCommitsTests.swift; sourceTree = "<group>"; };
		C07E85EC25CCAC6E00474475 /* Info.plist */ = {isa = PBXFileReference; lastKnownFileType = text.plist.xml; path = Info.plist; sourceTree = "<group>"; };
		C07E85F125CCAC6E00474475 /* GITCommitsUITests.xctest */ = {isa = PBXFileReference; explicitFileType = wrapper.cfbundle; includeInIndex = 0; path = GITCommitsUITests.xctest; sourceTree = BUILT_PRODUCTS_DIR; };
		C07E85F525CCAC6E00474475 /* GITCommitsUITests.swift */ = {isa = PBXFileReference; lastKnownFileType = sourcecode.swift; path = GITCommitsUITests.swift; sourceTree = "<group>"; };
		C07E85F725CCAC6E00474475 /* Info.plist */ = {isa = PBXFileReference; lastKnownFileType = text.plist.xml; path = Info.plist; sourceTree = "<group>"; };
		C07E860C25CCAD1400474475 /* README.md */ = {isa = PBXFileReference; fileEncoding = 4; lastKnownFileType = net.daringfireball.markdown; path = README.md; sourceTree = SOURCE_ROOT; };
		C07E861625CCB46A00474475 /* GitCommit.swift */ = {isa = PBXFileReference; lastKnownFileType = sourcecode.swift; path = GitCommit.swift; sourceTree = "<group>"; };
		C0C8190425CE32B500CAC347 /* GCExtensions.swift */ = {isa = PBXFileReference; lastKnownFileType = sourcecode.swift; path = GCExtensions.swift; sourceTree = "<group>"; };
		C0C8190F25CE330E00CAC347 /* GCUtilities.swift */ = {isa = PBXFileReference; lastKnownFileType = sourcecode.swift; path = GCUtilities.swift; sourceTree = "<group>"; };
		C0F34BF025CD18A400253C8F /* GitCommitsViewController.swift */ = {isa = PBXFileReference; fileEncoding = 4; lastKnownFileType = sourcecode.swift; path = GitCommitsViewController.swift; sourceTree = "<group>"; };
		C0F34BF525CD190D00253C8F /* GitHubAPIManager.swift */ = {isa = PBXFileReference; lastKnownFileType = sourcecode.swift; path = GitHubAPIManager.swift; sourceTree = "<group>"; };
		C0F34C0125CD1B2400253C8F /* GitCommitsTableViewCell.swift */ = {isa = PBXFileReference; lastKnownFileType = sourcecode.swift; path = GitCommitsTableViewCell.swift; sourceTree = "<group>"; };
		C0F34C0925CD1C5400253C8F /* GitCommitsViewModel.swift */ = {isa = PBXFileReference; lastKnownFileType = sourcecode.swift; path = GitCommitsViewModel.swift; sourceTree = "<group>"; };
/* End PBXFileReference section */

/* Begin PBXFrameworksBuildPhase section */
		C07E85CD25CCAC6C00474475 /* Frameworks */ = {
			isa = PBXFrameworksBuildPhase;
			buildActionMask = 2147483647;
			files = (
			);
			runOnlyForDeploymentPostprocessing = 0;
		};
		C07E85E325CCAC6E00474475 /* Frameworks */ = {
			isa = PBXFrameworksBuildPhase;
			buildActionMask = 2147483647;
			files = (
			);
			runOnlyForDeploymentPostprocessing = 0;
		};
		C07E85EE25CCAC6E00474475 /* Frameworks */ = {
			isa = PBXFrameworksBuildPhase;
			buildActionMask = 2147483647;
			files = (
			);
			runOnlyForDeploymentPostprocessing = 0;
		};
/* End PBXFrameworksBuildPhase section */

/* Begin PBXGroup section */
		C07E85C725CCAC6C00474475 = {
			isa = PBXGroup;
			children = (
				C07E85D225CCAC6C00474475 /* GITCommits */,
				C07E85E925CCAC6E00474475 /* GITCommitsTests */,
				C07E85F425CCAC6E00474475 /* GITCommitsUITests */,
				C07E85D125CCAC6C00474475 /* Products */,
			);
			sourceTree = "<group>";
		};
		C07E85D125CCAC6C00474475 /* Products */ = {
			isa = PBXGroup;
			children = (
				C07E85D025CCAC6C00474475 /* GITCommits.app */,
				C07E85E625CCAC6E00474475 /* GITCommitsTests.xctest */,
				C07E85F125CCAC6E00474475 /* GITCommitsUITests.xctest */,
			);
			name = Products;
			sourceTree = "<group>";
		};
		C07E85D225CCAC6C00474475 /* GITCommits */ = {
			isa = PBXGroup;
			children = (
				C07E860C25CCAD1400474475 /* README.md */,
				C0C8190325CE325C00CAC347 /* Extensions */,
				C07E861425CCB38200474475 /* Models */,
				C07E861325CCB35100474475 /* NetworkAPI */,
				C07E861225CCB33A00474475 /* Controllers */,
				C07E861125CCB32A00474475 /* ViewModels */,
				C07E85D325CCAC6C00474475 /* AppDelegate.swift */,
				C07E85D525CCAC6C00474475 /* SceneDelegate.swift */,
				C07E85D925CCAC6C00474475 /* Main.storyboard */,
				C07E85DC25CCAC6E00474475 /* Assets.xcassets */,
				C07E85DE25CCAC6E00474475 /* LaunchScreen.storyboard */,
				C07E85E125CCAC6E00474475 /* Info.plist */,
				C0C8190F25CE330E00CAC347 /* GCUtilities.swift */,
			);
			path = GITCommits;
			sourceTree = "<group>";
		};
		C07E85E925CCAC6E00474475 /* GITCommitsTests */ = {
			isa = PBXGroup;
			children = (
				C07E85EA25CCAC6E00474475 /* GITCommitsTests.swift */,
				C07E85EC25CCAC6E00474475 /* Info.plist */,
			);
			path = GITCommitsTests;
			sourceTree = "<group>";
		};
		C07E85F425CCAC6E00474475 /* GITCommitsUITests */ = {
			isa = PBXGroup;
			children = (
				C07E85F525CCAC6E00474475 /* GITCommitsUITests.swift */,
				C07E85F725CCAC6E00474475 /* Info.plist */,
			);
			path = GITCommitsUITests;
			sourceTree = "<group>";
		};
		C07E861125CCB32A00474475 /* ViewModels */ = {
			isa = PBXGroup;
			children = (
				C0F34C0925CD1C5400253C8F /* GitCommitsViewModel.swift */,
			);
			path = ViewModels;
			sourceTree = "<group>";
		};
		C07E861225CCB33A00474475 /* Controllers */ = {
			isa = PBXGroup;
			children = (
				C0F34C0025CD1AF300253C8F /* Cell */,
				C0F34BF025CD18A400253C8F /* GitCommitsViewController.swift */,
			);
			path = Controllers;
			sourceTree = "<group>";
		};
		C07E861325CCB35100474475 /* NetworkAPI */ = {
			isa = PBXGroup;
			children = (
				C0F34BF525CD190D00253C8F /* GitHubAPIManager.swift */,
			);
			path = NetworkAPI;
			sourceTree = "<group>";
		};
		C07E861425CCB38200474475 /* Models */ = {
			isa = PBXGroup;
			children = (
				C07E861625CCB46A00474475 /* GitCommit.swift */,
			);
			path = Models;
			sourceTree = "<group>";
		};
		C0C8190325CE325C00CAC347 /* Extensions */ = {
			isa = PBXGroup;
			children = (
				C0C8190425CE32B500CAC347 /* GCExtensions.swift */,
			);
			path = Extensions;
			sourceTree = "<group>";
		};
		C0F34C0025CD1AF300253C8F /* Cell */ = {
			isa = PBXGroup;
			children = (
				C0F34C0125CD1B2400253C8F /* GitCommitsTableViewCell.swift */,
			);
			path = Cell;
			sourceTree = "<group>";
		};
/* End PBXGroup section */

/* Begin PBXNativeTarget section */
		C07E85CF25CCAC6C00474475 /* GITCommits */ = {
			isa = PBXNativeTarget;
			buildConfigurationList = C07E85FA25CCAC6E00474475 /* Build configuration list for PBXNativeTarget "GITCommits" */;
			buildPhases = (
				C07E85CC25CCAC6C00474475 /* Sources */,
				C07E85CD25CCAC6C00474475 /* Frameworks */,
				C07E85CE25CCAC6C00474475 /* Resources */,
			);
			buildRules = (
			);
			dependencies = (
			);
			name = GITCommits;
			productName = GITCommits;
			productReference = C07E85D025CCAC6C00474475 /* GITCommits.app */;
			productType = "com.apple.product-type.application";
		};
		C07E85E525CCAC6E00474475 /* GITCommitsTests */ = {
			isa = PBXNativeTarget;
			buildConfigurationList = C07E85FD25CCAC6E00474475 /* Build configuration list for PBXNativeTarget "GITCommitsTests" */;
			buildPhases = (
				C07E85E225CCAC6E00474475 /* Sources */,
				C07E85E325CCAC6E00474475 /* Frameworks */,
				C07E85E425CCAC6E00474475 /* Resources */,
			);
			buildRules = (
			);
			dependencies = (
				C07E85E825CCAC6E00474475 /* PBXTargetDependency */,
			);
			name = GITCommitsTests;
			productName = GITCommitsTests;
			productReference = C07E85E625CCAC6E00474475 /* GITCommitsTests.xctest */;
			productType = "com.apple.product-type.bundle.unit-test";
		};
		C07E85F025CCAC6E00474475 /* GITCommitsUITests */ = {
			isa = PBXNativeTarget;
			buildConfigurationList = C07E860025CCAC6E00474475 /* Build configuration list for PBXNativeTarget "GITCommitsUITests" */;
			buildPhases = (
				C07E85ED25CCAC6E00474475 /* Sources */,
				C07E85EE25CCAC6E00474475 /* Frameworks */,
				C07E85EF25CCAC6E00474475 /* Resources */,
			);
			buildRules = (
			);
			dependencies = (
				C07E85F325CCAC6E00474475 /* PBXTargetDependency */,
			);
			name = GITCommitsUITests;
			productName = GITCommitsUITests;
			productReference = C07E85F125CCAC6E00474475 /* GITCommitsUITests.xctest */;
			productType = "com.apple.product-type.bundle.ui-testing";
		};
/* End PBXNativeTarget section */

/* Begin PBXProject section */
		C07E85C825CCAC6C00474475 /* Project object */ = {
			isa = PBXProject;
			attributes = {
				LastSwiftUpdateCheck = 1230;
				LastUpgradeCheck = 1230;
				TargetAttributes = {
					C07E85CF25CCAC6C00474475 = {
						CreatedOnToolsVersion = 12.3;
					};
					C07E85E525CCAC6E00474475 = {
						CreatedOnToolsVersion = 12.3;
						TestTargetID = C07E85CF25CCAC6C00474475;
					};
					C07E85F025CCAC6E00474475 = {
						CreatedOnToolsVersion = 12.3;
						TestTargetID = C07E85CF25CCAC6C00474475;
					};
				};
			};
			buildConfigurationList = C07E85CB25CCAC6C00474475 /* Build configuration list for PBXProject "GITCommits" */;
			compatibilityVersion = "Xcode 9.3";
			developmentRegion = en;
			hasScannedForEncodings = 0;
			knownRegions = (
				en,
				Base,
			);
			mainGroup = C07E85C725CCAC6C00474475;
			productRefGroup = C07E85D125CCAC6C00474475 /* Products */;
			projectDirPath = "";
			projectRoot = "";
			targets = (
				C07E85CF25CCAC6C00474475 /* GITCommits */,
				C07E85E525CCAC6E00474475 /* GITCommitsTests */,
				C07E85F025CCAC6E00474475 /* GITCommitsUITests */,
			);
		};
/* End PBXProject section */

/* Begin PBXResourcesBuildPhase section */
		C07E85CE25CCAC6C00474475 /* Resources */ = {
			isa = PBXResourcesBuildPhase;
			buildActionMask = 2147483647;
			files = (
				C07E85E025CCAC6E00474475 /* LaunchScreen.storyboard in Resources */,
				C07E85DD25CCAC6E00474475 /* Assets.xcassets in Resources */,
				C07E860D25CCAD1400474475 /* README.md in Resources */,
				C07E85DB25CCAC6C00474475 /* Main.storyboard in Resources */,
			);
			runOnlyForDeploymentPostprocessing = 0;
		};
		C07E85E425CCAC6E00474475 /* Resources */ = {
			isa = PBXResourcesBuildPhase;
			buildActionMask = 2147483647;
			files = (
			);
			runOnlyForDeploymentPostprocessing = 0;
		};
		C07E85EF25CCAC6E00474475 /* Resources */ = {
			isa = PBXResourcesBuildPhase;
			buildActionMask = 2147483647;
			files = (
			);
			runOnlyForDeploymentPostprocessing = 0;
		};
/* End PBXResourcesBuildPhase section */

/* Begin PBXSourcesBuildPhase section */
		C07E85CC25CCAC6C00474475 /* Sources */ = {
			isa = PBXSourcesBuildPhase;
			buildActionMask = 2147483647;
			files = (
				C07E85D425CCAC6C00474475 /* AppDelegate.swift in Sources */,
				C07E85D625CCAC6C00474475 /* SceneDelegate.swift in Sources */,
				C0F34BF125CD18A400253C8F /* GitCommitsViewController.swift in Sources */,
				C0F34C0A25CD1C5400253C8F /* GitCommitsViewModel.swift in Sources */,
				C0C8191025CE330E00CAC347 /* GCUtilities.swift in Sources */,
				C0F34C0225CD1B2400253C8F /* GitCommitsTableViewCell.swift in Sources */,
				C0F34BF625CD190D00253C8F /* GitHubAPIManager.swift in Sources */,
				C07E861725CCB46A00474475 /* GitCommit.swift in Sources */,
				C0C8190525CE32B500CAC347 /* GCExtensions.swift in Sources */,
			);
			runOnlyForDeploymentPostprocessing = 0;
		};
		C07E85E225CCAC6E00474475 /* Sources */ = {
			isa = PBXSourcesBuildPhase;
			buildActionMask = 2147483647;
			files = (
				C07E85EB25CCAC6E00474475 /* GITCommitsTests.swift in Sources */,
			);
			runOnlyForDeploymentPostprocessing = 0;
		};
		C07E85ED25CCAC6E00474475 /* Sources */ = {
			isa = PBXSourcesBuildPhase;
			buildActionMask = 2147483647;
			files = (
				C07E85F625CCAC6E00474475 /* GITCommitsUITests.swift in Sources */,
			);
			runOnlyForDeploymentPostprocessing = 0;
		};
/* End PBXSourcesBuildPhase section */

/* Begin PBXTargetDependency section */
		C07E85E825CCAC6E00474475 /* PBXTargetDependency */ = {
			isa = PBXTargetDependency;
			target = C07E85CF25CCAC6C00474475 /* GITCommits */;
			targetProxy = C07E85E725CCAC6E00474475 /* PBXContainerItemProxy */;
		};
		C07E85F325CCAC6E00474475 /* PBXTargetDependency */ = {
			isa = PBXTargetDependency;
			target = C07E85CF25CCAC6C00474475 /* GITCommits */;
			targetProxy = C07E85F225CCAC6E00474475 /* PBXContainerItemProxy */;
		};
/* End PBXTargetDependency section */

/* Begin PBXVariantGroup section */
		C07E85D925CCAC6C00474475 /* Main.storyboard */ = {
			isa = PBXVariantGroup;
			children = (
				C07E85DA25CCAC6C00474475 /* Base */,
			);
			name = Main.storyboard;
			sourceTree = "<group>";
		};
		C07E85DE25CCAC6E00474475 /* LaunchScreen.storyboard */ = {
			isa = PBXVariantGroup;
			children = (
				C07E85DF25CCAC6E00474475 /* Base */,
			);
			name = LaunchScreen.storyboard;
			sourceTree = "<group>";
		};
/* End PBXVariantGroup section */

/* Begin XCBuildConfiguration section */
		C07E85F825CCAC6E00474475 /* Debug */ = {
			isa = XCBuildConfiguration;
			buildSettings = {
				ALWAYS_SEARCH_USER_PATHS = NO;
				CLANG_ANALYZER_NONNULL = YES;
				CLANG_ANALYZER_NUMBER_OBJECT_CONVERSION = YES_AGGRESSIVE;
				CLANG_CXX_LANGUAGE_STANDARD = "gnu++14";
				CLANG_CXX_LIBRARY = "libc++";
				CLANG_ENABLE_MODULES = YES;
				CLANG_ENABLE_OBJC_ARC = YES;
				CLANG_ENABLE_OBJC_WEAK = YES;
				CLANG_WARN_BLOCK_CAPTURE_AUTORELEASING = YES;
				CLANG_WARN_BOOL_CONVERSION = YES;
				CLANG_WARN_COMMA = YES;
				CLANG_WARN_CONSTANT_CONVERSION = YES;
				CLANG_WARN_DEPRECATED_OBJC_IMPLEMENTATIONS = YES;
				CLANG_WARN_DIRECT_OBJC_ISA_USAGE = YES_ERROR;
				CLANG_WARN_DOCUMENTATION_COMMENTS = YES;
				CLANG_WARN_EMPTY_BODY = YES;
				CLANG_WARN_ENUM_CONVERSION = YES;
				CLANG_WARN_INFINITE_RECURSION = YES;
				CLANG_WARN_INT_CONVERSION = YES;
				CLANG_WARN_NON_LITERAL_NULL_CONVERSION = YES;
				CLANG_WARN_OBJC_IMPLICIT_RETAIN_SELF = YES;
				CLANG_WARN_OBJC_LITERAL_CONVERSION = YES;
				CLANG_WARN_OBJC_ROOT_CLASS = YES_ERROR;
				CLANG_WARN_QUOTED_INCLUDE_IN_FRAMEWORK_HEADER = YES;
				CLANG_WARN_RANGE_LOOP_ANALYSIS = YES;
				CLANG_WARN_STRICT_PROTOTYPES = YES;
				CLANG_WARN_SUSPICIOUS_MOVE = YES;
				CLANG_WARN_UNGUARDED_AVAILABILITY = YES_AGGRESSIVE;
				CLANG_WARN_UNREACHABLE_CODE = YES;
				CLANG_WARN__DUPLICATE_METHOD_MATCH = YES;
				COPY_PHASE_STRIP = NO;
				DEBUG_INFORMATION_FORMAT = dwarf;
				ENABLE_STRICT_OBJC_MSGSEND = YES;
				ENABLE_TESTABILITY = YES;
				GCC_C_LANGUAGE_STANDARD = gnu11;
				GCC_DYNAMIC_NO_PIC = NO;
				GCC_NO_COMMON_BLOCKS = YES;
				GCC_OPTIMIZATION_LEVEL = 0;
				GCC_PREPROCESSOR_DEFINITIONS = (
					"DEBUG=1",
					"$(inherited)",
				);
				GCC_WARN_64_TO_32_BIT_CONVERSION = YES;
				GCC_WARN_ABOUT_RETURN_TYPE = YES_ERROR;
				GCC_WARN_UNDECLARED_SELECTOR = YES;
				GCC_WARN_UNINITIALIZED_AUTOS = YES_AGGRESSIVE;
				GCC_WARN_UNUSED_FUNCTION = YES;
				GCC_WARN_UNUSED_VARIABLE = YES;
				IPHONEOS_DEPLOYMENT_TARGET = 14.3;
				MTL_ENABLE_DEBUG_INFO = INCLUDE_SOURCE;
				MTL_FAST_MATH = YES;
				ONLY_ACTIVE_ARCH = YES;
				SDKROOT = iphoneos;
				SWIFT_ACTIVE_COMPILATION_CONDITIONS = DEBUG;
				SWIFT_OPTIMIZATION_LEVEL = "-Onone";
			};
			name = Debug;
		};
		C07E85F925CCAC6E00474475 /* Release */ = {
			isa = XCBuildConfiguration;
			buildSettings = {
				ALWAYS_SEARCH_USER_PATHS = NO;
				CLANG_ANALYZER_NONNULL = YES;
				CLANG_ANALYZER_NUMBER_OBJECT_CONVERSION = YES_AGGRESSIVE;
				CLANG_CXX_LANGUAGE_STANDARD = "gnu++14";
				CLANG_CXX_LIBRARY = "libc++";
				CLANG_ENABLE_MODULES = YES;
				CLANG_ENABLE_OBJC_ARC = YES;
				CLANG_ENABLE_OBJC_WEAK = YES;
				CLANG_WARN_BLOCK_CAPTURE_AUTORELEASING = YES;
				CLANG_WARN_BOOL_CONVERSION = YES;
				CLANG_WARN_COMMA = YES;
				CLANG_WARN_CONSTANT_CONVERSION = YES;
				CLANG_WARN_DEPRECATED_OBJC_IMPLEMENTATIONS = YES;
				CLANG_WARN_DIRECT_OBJC_ISA_USAGE = YES_ERROR;
				CLANG_WARN_DOCUMENTATION_COMMENTS = YES;
				CLANG_WARN_EMPTY_BODY = YES;
				CLANG_WARN_ENUM_CONVERSION = YES;
				CLANG_WARN_INFINITE_RECURSION = YES;
				CLANG_WARN_INT_CONVERSION = YES;
				CLANG_WARN_NON_LITERAL_NULL_CONVERSION = YES;
				CLANG_WARN_OBJC_IMPLICIT_RETAIN_SELF = YES;
				CLANG_WARN_OBJC_LITERAL_CONVERSION = YES;
				CLANG_WARN_OBJC_ROOT_CLASS = YES_ERROR;
				CLANG_WARN_QUOTED_INCLUDE_IN_FRAMEWORK_HEADER = YES;
				CLANG_WARN_RANGE_LOOP_ANALYSIS = YES;
				CLANG_WARN_STRICT_PROTOTYPES = YES;
				CLANG_WARN_SUSPICIOUS_MOVE = YES;
				CLANG_WARN_UNGUARDED_AVAILABILITY = YES_AGGRESSIVE;
				CLANG_WARN_UNREACHABLE_CODE = YES;
				CLANG_WARN__DUPLICATE_METHOD_MATCH = YES;
				COPY_PHASE_STRIP = NO;
				DEBUG_INFORMATION_FORMAT = "dwarf-with-dsym";
				ENABLE_NS_ASSERTIONS = NO;
				ENABLE_STRICT_OBJC_MSGSEND = YES;
				GCC_C_LANGUAGE_STANDARD = gnu11;
				GCC_NO_COMMON_BLOCKS = YES;
				GCC_WARN_64_TO_32_BIT_CONVERSION = YES;
				GCC_WARN_ABOUT_RETURN_TYPE = YES_ERROR;
				GCC_WARN_UNDECLARED_SELECTOR = YES;
				GCC_WARN_UNINITIALIZED_AUTOS = YES_AGGRESSIVE;
				GCC_WARN_UNUSED_FUNCTION = YES;
				GCC_WARN_UNUSED_VARIABLE = YES;
				IPHONEOS_DEPLOYMENT_TARGET = 14.3;
				MTL_ENABLE_DEBUG_INFO = NO;
				MTL_FAST_MATH = YES;
				SDKROOT = iphoneos;
				SWIFT_COMPILATION_MODE = wholemodule;
				SWIFT_OPTIMIZATION_LEVEL = "-O";
				VALIDATE_PRODUCT = YES;
			};
			name = Release;
		};
		C07E85FB25CCAC6E00474475 /* Debug */ = {
			isa = XCBuildConfiguration;
			buildSettings = {
				ASSETCATALOG_COMPILER_APPICON_NAME = AppIcon;
				ASSETCATALOG_COMPILER_GLOBAL_ACCENT_COLOR_NAME = AccentColor;
				CODE_SIGN_STYLE = Automatic;
				INFOPLIST_FILE = GITCommits/Info.plist;
				IPHONEOS_DEPLOYMENT_TARGET = 13.0;
				LD_RUNPATH_SEARCH_PATHS = (
					"$(inherited)",
					"@executable_path/Frameworks",
				);
				PRODUCT_BUNDLE_IDENTIFIER = Gabriel.GITCommits;
				PRODUCT_NAME = "$(TARGET_NAME)";
				SWIFT_VERSION = 5.0;
				TARGETED_DEVICE_FAMILY = "1,2";
			};
			name = Debug;
		};
		C07E85FC25CCAC6E00474475 /* Release */ = {
			isa = XCBuildConfiguration;
			buildSettings = {
				ASSETCATALOG_COMPILER_APPICON_NAME = AppIcon;
				ASSETCATALOG_COMPILER_GLOBAL_ACCENT_COLOR_NAME = AccentColor;
				CODE_SIGN_STYLE = Automatic;
				INFOPLIST_FILE = GITCommits/Info.plist;
				IPHONEOS_DEPLOYMENT_TARGET = 13.0;
				LD_RUNPATH_SEARCH_PATHS = (
					"$(inherited)",
					"@executable_path/Frameworks",
				);
				PRODUCT_BUNDLE_IDENTIFIER = Gabriel.GITCommits;
				PRODUCT_NAME = "$(TARGET_NAME)";
				SWIFT_VERSION = 5.0;
				TARGETED_DEVICE_FAMILY = "1,2";
			};
			name = Release;
		};
		C07E85FE25CCAC6E00474475 /* Debug */ = {
			isa = XCBuildConfiguration;
			buildSettings = {
				ALWAYS_EMBED_SWIFT_STANDARD_LIBRARIES = YES;
				BUNDLE_LOADER = "$(TEST_HOST)";
				CODE_SIGN_STYLE = Automatic;
				INFOPLIST_FILE = GITCommitsTests/Info.plist;
				IPHONEOS_DEPLOYMENT_TARGET = 14.3;
				LD_RUNPATH_SEARCH_PATHS = (
					"$(inherited)",
					"@executable_path/Frameworks",
					"@loader_path/Frameworks",
				);
				PRODUCT_BUNDLE_IDENTIFIER = Gabriel.GITCommitsTests;
				PRODUCT_NAME = "$(TARGET_NAME)";
				SWIFT_VERSION = 5.0;
				TARGETED_DEVICE_FAMILY = "1,2";
				TEST_HOST = "$(BUILT_PRODUCTS_DIR)/GITCommits.app/GITCommits";
			};
			name = Debug;
		};
		C07E85FF25CCAC6E00474475 /* Release */ = {
			isa = XCBuildConfiguration;
			buildSettings = {
				ALWAYS_EMBED_SWIFT_STANDARD_LIBRARIES = YES;
				BUNDLE_LOADER = "$(TEST_HOST)";
				CODE_SIGN_STYLE = Automatic;
				INFOPLIST_FILE = GITCommitsTests/Info.plist;
				IPHONEOS_DEPLOYMENT_TARGET = 14.3;
				LD_RUNPATH_SEARCH_PATHS = (
					"$(inherited)",
					"@executable_path/Frameworks",
					"@loader_path/Frameworks",
				);
				PRODUCT_BUNDLE_IDENTIFIER = Gabriel.GITCommitsTests;
				PRODUCT_NAME = "$(TARGET_NAME)";
				SWIFT_VERSION = 5.0;
				TARGETED_DEVICE_FAMILY = "1,2";
				TEST_HOST = "$(BUILT_PRODUCTS_DIR)/GITCommits.app/GITCommits";
			};
			name = Release;
		};
		C07E860125CCAC6E00474475 /* Debug */ = {
			isa = XCBuildConfiguration;
			buildSettings = {
				ALWAYS_EMBED_SWIFT_STANDARD_LIBRARIES = YES;
				CODE_SIGN_STYLE = Automatic;
				INFOPLIST_FILE = GITCommitsUITests/Info.plist;
				LD_RUNPATH_SEARCH_PATHS = (
					"$(inherited)",
					"@executable_path/Frameworks",
					"@loader_path/Frameworks",
				);
				PRODUCT_BUNDLE_IDENTIFIER = Gabriel.GITCommitsUITests;
				PRODUCT_NAME = "$(TARGET_NAME)";
				SWIFT_VERSION = 5.0;
				TARGETED_DEVICE_FAMILY = "1,2";
				TEST_TARGET_NAME = GITCommits;
			};
			name = Debug;
		};
		C07E860225CCAC6E00474475 /* Release */ = {
			isa = XCBuildConfiguration;
			buildSettings = {
				ALWAYS_EMBED_SWIFT_STANDARD_LIBRARIES = YES;
				CODE_SIGN_STYLE = Automatic;
				INFOPLIST_FILE = GITCommitsUITests/Info.plist;
				LD_RUNPATH_SEARCH_PATHS = (
					"$(inherited)",
					"@executable_path/Frameworks",
					"@loader_path/Frameworks",
				);
				PRODUCT_BUNDLE_IDENTIFIER = Gabriel.GITCommitsUITests;
				PRODUCT_NAME = "$(TARGET_NAME)";
				SWIFT_VERSION = 5.0;
				TARGETED_DEVICE_FAMILY = "1,2";
				TEST_TARGET_NAME = GITCommits;
			};
			name = Release;
		};
/* End XCBuildConfiguration section */

/* Begin XCConfigurationList section */
		C07E85CB25CCAC6C00474475 /* Build configuration list for PBXProject "GITCommits" */ = {
			isa = XCConfigurationList;
			buildConfigurations = (
				C07E85F825CCAC6E00474475 /* Debug */,
				C07E85F925CCAC6E00474475 /* Release */,
			);
			defaultConfigurationIsVisible = 0;
			defaultConfigurationName = Release;
		};
		C07E85FA25CCAC6E00474475 /* Build configuration list for PBXNativeTarget "GITCommits" */ = {
			isa = XCConfigurationList;
			buildConfigurations = (
				C07E85FB25CCAC6E00474475 /* Debug */,
				C07E85FC25CCAC6E00474475 /* Release */,
			);
			defaultConfigurationIsVisible = 0;
			defaultConfigurationName = Release;
		};
		C07E85FD25CCAC6E00474475 /* Build configuration list for PBXNativeTarget "GITCommitsTests" */ = {
			isa = XCConfigurationList;
			buildConfigurations = (
				C07E85FE25CCAC6E00474475 /* Debug */,
				C07E85FF25CCAC6E00474475 /* Release */,
			);
			defaultConfigurationIsVisible = 0;
			defaultConfigurationName = Release;
		};
		C07E860025CCAC6E00474475 /* Build configuration list for PBXNativeTarget "GITCommitsUITests" */ = {
			isa = XCConfigurationList;
			buildConfigurations = (
				C07E860125CCAC6E00474475 /* Debug */,
				C07E860225CCAC6E00474475 /* Release */,
			);
			defaultConfigurationIsVisible = 0;
			defaultConfigurationName = Release;
		};
/* End XCConfigurationList section */
	};
	rootObject = C07E85C825CCAC6C00474475 /* Project object */;
}
